
Microsoft Visual Studio Solution File, Format Version 12.00
# Visual Studio Version 17
VisualStudioVersion = 17.5.33530.505
MinimumVisualStudioVersion = 10.0.40219.1
Project("{FAE04EC0-301F-11D3-BF4B-00C04F79EFBC}") = "WebApp_Mvc_Db", "WebApp_Mvc_Db\WebApp_Mvc_Db.csproj", "{81508373-3535-4137-AE11-06CC5273E974}"
EndProject
Global
	GlobalSection(SolutionConfigurationPlatforms) = preSolution
		Debug|Any CPU = Debug|Any CPU
		Release|Any CPU = Release|Any CPU
	EndGlobalSection
	GlobalSection(ProjectConfigurationPlatforms) = postSolution
		{81508373-3535-4137-AE11-06CC5273E974}.Debug|Any CPU.ActiveCfg = Debug|Any CPU
		{81508373-3535-4137-AE11-06CC5273E974}.Debug|Any CPU.Build.0 = Debug|Any CPU
		{81508373-3535-4137-AE11-06CC5273E974}.Release|Any CPU.ActiveCfg = Release|Any CPU
		{81508373-3535-4137-AE11-06CC5273E974}.Release|Any CPU.Build.0 = Release|Any CPU
	EndGlobalSection
	GlobalSection(SolutionProperties) = preSolution
		HideSolutionNode = FALSE
	EndGlobalSection
	GlobalSection(ExtensibilityGlobals) = postSolution
		SolutionGuid = {99C721B5-83C6-4360-8CEF-BD1B7AF333DD}
	EndGlobalSection
EndGlobal
